
Microsoft Visual Studio Solution File, Format Version 9.00
# Visual Studio 2005
Project("{FAE04EC0-301F-11D3-BF4B-00C04F79EFBC}") = "WindowsApplication2", "WindowsApplication2\WindowsApplication2.csproj", "{551D944A-3919-417D-876B-383609A813FF}"
EndProject
Project("{54435603-DBB4-11D2-8724-00A0C9A8B90C}") = "Setup1", "Setup1\Setup1.vdproj", "{1D89FC4D-4683-4771-824A-E7F600073DB2}"
EndProject
Global
	GlobalSection(SolutionConfigurationPlatforms) = preSolution
		Debug|Any CPU = Debug|Any CPU
		Release|Any CPU = Release|Any CPU
	EndGlobalSection
	GlobalSection(ProjectConfigurationPlatforms) = postSolution
		{551D944A-3919-417D-876B-383609A813FF}.Debug|Any CPU.ActiveCfg = Debug|Any CPU
		{551D944A-3919-417D-876B-383609A813FF}.Debug|Any CPU.Build.0 = Debug|Any CPU
		{551D944A-3919-417D-876B-383609A813FF}.Release|Any CPU.ActiveCfg = Release|Any CPU
		{551D944A-3919-417D-876B-383609A813FF}.Release|Any CPU.Build.0 = Release|Any CPU
		{1D89FC4D-4683-4771-824A-E7F600073DB2}.Debug|Any CPU.ActiveCfg = Debug
		{1D89FC4D-4683-4771-824A-E7F600073DB2}.Release|Any CPU.ActiveCfg = Release
	EndGlobalSection
	GlobalSection(SolutionProperties) = preSolution
		HideSolutionNode = FALSE
	EndGlobalSection
EndGlobal
