
Microsoft Visual Studio Solution File, Format Version 9.00
# Visual Studio 2005
Project("{FAE04EC0-301F-11D3-BF4B-00C04F79EFBC}") = "Program", "Program\Program.csproj", "{5C5442DC-32B3-47E4-8973-C1A8A04B4949}"
EndProject
Global
	GlobalSection(SolutionConfigurationPlatforms) = preSolution
		Debug|Any CPU = Debug|Any CPU
		Release|Any CPU = Release|Any CPU
	EndGlobalSection
	GlobalSection(ProjectConfigurationPlatforms) = postSolution
		{5C5442DC-32B3-47E4-8973-C1A8A04B4949}.Debug|Any CPU.ActiveCfg = Debug|Any CPU
		{5C5442DC-32B3-47E4-8973-C1A8A04B4949}.Debug|Any CPU.Build.0 = Debug|Any CPU
		{5C5442DC-32B3-47E4-8973-C1A8A04B4949}.Release|Any CPU.ActiveCfg = Release|Any CPU
		{5C5442DC-32B3-47E4-8973-C1A8A04B4949}.Release|Any CPU.Build.0 = Release|Any CPU
	EndGlobalSection
	GlobalSection(SolutionProperties) = preSolution
		HideSolutionNode = FALSE
	EndGlobalSection
EndGlobal
